
Microsoft Visual Studio Solution File, Format Version 12.00
# Visual Studio 15
VisualStudioVersion = 15.0.28010.2041
MinimumVisualStudioVersion = 10.0.40219.1
Project("{2150E333-8FDC-42A3-9474-1A3956D46DE8}") = "Week03", "Week03", "{D9A872DD-50B1-461F-AB25-4FE795DF81EE}"
EndProject
Project("{9A19103F-16F7-4668-BE54-9A1E7A4F7556}") = "Week03.P12", "Week03.P12\Week03.P12.csproj", "{79D74212-7B8B-45AA-BC52-05F4BEA0791E}"
EndProject
Project("{9A19103F-16F7-4668-BE54-9A1E7A4F7556}") = "Week03.P14", "Week03.P14\Week03.P14.csproj", "{9A120251-51BA-4E28-824A-D7102366F59A}"
EndProject
Project("{2150E333-8FDC-42A3-9474-1A3956D46DE8}") = "Week04", "Week04", "{E3B6EB64-B3B6-4E6B-8078-50CB91AEA08E}"
EndProject
Project("{9A19103F-16F7-4668-BE54-9A1E7A4F7556}") = "Week04.Main", "Week04.Main\Week04.Main.csproj", "{036CA9F6-38DD-44BD-87A6-2096F9BBDE4C}"
EndProject
Project("{9A19103F-16F7-4668-BE54-9A1E7A4F7556}") = "Week04.Code", "Week04.Code\Week04.Code.csproj", "{A5E94FB3-8555-45E9-81B5-ABCD5DFF6BB6}"
EndProject
Project("{9A19103F-16F7-4668-BE54-9A1E7A4F7556}") = "Week04.HotelApp", "Week04.Hotel\Week04.HotelApp.csproj", "{D7C06208-5A93-4B30-A6F9-0187266DEA55}"
EndProject
Project("{2150E333-8FDC-42A3-9474-1A3956D46DE8}") = "Week04.2", "Week04.2", "{9FA4C4A6-1F24-4487-A4C0-DC02E93E4270}"
EndProject
Project("{FAE04EC0-301F-11D3-BF4B-00C04F79EFBC}") = "PizzaApp", "Pizza.App\PizzaApp.csproj", "{1027CC5D-0263-45B0-AE66-9C73E693179F}"
EndProject
Project("{FAE04EC0-301F-11D3-BF4B-00C04F79EFBC}") = "PizzaModels", "Pizza.Models\PizzaModels.csproj", "{61B7E957-609D-4E83-875A-821E59F4A1D2}"
EndProject
Project("{2150E333-8FDC-42A3-9474-1A3956D46DE8}") = "Week05", "Week05", "{E90F8656-68C3-46C8-850B-B6886D1A77A7}"
EndProject
Project("{FAE04EC0-301F-11D3-BF4B-00C04F79EFBC}") = "Week05.CarStore.Interfaces", "Week05.CarStore.Interfaces\Week05.CarStore.Interfaces.csproj", "{F9E64677-0EE7-4DE5-9917-815234D49196}"
EndProject
Project("{FAE04EC0-301F-11D3-BF4B-00C04F79EFBC}") = "Week05.CarStore.Models", "Week05.CarStore.Models\Week05.CarStore.Models.csproj", "{0753AAB9-7C6D-4338-92C4-4414F6C5C1D5}"
EndProject
Project("{FAE04EC0-301F-11D3-BF4B-00C04F79EFBC}") = "Week05.CarStore.App", "Week05.CarStore.App\Week05.CarStore.App.csproj", "{CAB7A7F8-B4E3-4509-992A-AC5D32BE5BBA}"
EndProject
Global
	GlobalSection(SolutionConfigurationPlatforms) = preSolution
		Debug|Any CPU = Debug|Any CPU
		Release|Any CPU = Release|Any CPU
	EndGlobalSection
	GlobalSection(ProjectConfigurationPlatforms) = postSolution
		{79D74212-7B8B-45AA-BC52-05F4BEA0791E}.Debug|Any CPU.ActiveCfg = Debug|Any CPU
		{79D74212-7B8B-45AA-BC52-05F4BEA0791E}.Debug|Any CPU.Build.0 = Debug|Any CPU
		{79D74212-7B8B-45AA-BC52-05F4BEA0791E}.Release|Any CPU.ActiveCfg = Release|Any CPU
		{79D74212-7B8B-45AA-BC52-05F4BEA0791E}.Release|Any CPU.Build.0 = Release|Any CPU
		{9A120251-51BA-4E28-824A-D7102366F59A}.Debug|Any CPU.ActiveCfg = Debug|Any CPU
		{9A120251-51BA-4E28-824A-D7102366F59A}.Debug|Any CPU.Build.0 = Debug|Any CPU
		{9A120251-51BA-4E28-824A-D7102366F59A}.Release|Any CPU.ActiveCfg = Release|Any CPU
		{9A120251-51BA-4E28-824A-D7102366F59A}.Release|Any CPU.Build.0 = Release|Any CPU
		{036CA9F6-38DD-44BD-87A6-2096F9BBDE4C}.Debug|Any CPU.ActiveCfg = Debug|Any CPU
		{036CA9F6-38DD-44BD-87A6-2096F9BBDE4C}.Debug|Any CPU.Build.0 = Debug|Any CPU
		{036CA9F6-38DD-44BD-87A6-2096F9BBDE4C}.Release|Any CPU.ActiveCfg = Release|Any CPU
		{036CA9F6-38DD-44BD-87A6-2096F9BBDE4C}.Release|Any CPU.Build.0 = Release|Any CPU
		{A5E94FB3-8555-45E9-81B5-ABCD5DFF6BB6}.Debug|Any CPU.ActiveCfg = Debug|Any CPU
		{A5E94FB3-8555-45E9-81B5-ABCD5DFF6BB6}.Debug|Any CPU.Build.0 = Debug|Any CPU
		{A5E94FB3-8555-45E9-81B5-ABCD5DFF6BB6}.Release|Any CPU.ActiveCfg = Release|Any CPU
		{A5E94FB3-8555-45E9-81B5-ABCD5DFF6BB6}.Release|Any CPU.Build.0 = Release|Any CPU
		{D7C06208-5A93-4B30-A6F9-0187266DEA55}.Debug|Any CPU.ActiveCfg = Debug|Any CPU
		{D7C06208-5A93-4B30-A6F9-0187266DEA55}.Debug|Any CPU.Build.0 = Debug|Any CPU
		{D7C06208-5A93-4B30-A6F9-0187266DEA55}.Release|Any CPU.ActiveCfg = Release|Any CPU
		{D7C06208-5A93-4B30-A6F9-0187266DEA55}.Release|Any CPU.Build.0 = Release|Any CPU
		{1027CC5D-0263-45B0-AE66-9C73E693179F}.Debug|Any CPU.ActiveCfg = Debug|Any CPU
		{1027CC5D-0263-45B0-AE66-9C73E693179F}.Debug|Any CPU.Build.0 = Debug|Any CPU
		{1027CC5D-0263-45B0-AE66-9C73E693179F}.Release|Any CPU.ActiveCfg = Release|Any CPU
		{1027CC5D-0263-45B0-AE66-9C73E693179F}.Release|Any CPU.Build.0 = Release|Any CPU
		{61B7E957-609D-4E83-875A-821E59F4A1D2}.Debug|Any CPU.ActiveCfg = Debug|Any CPU
		{61B7E957-609D-4E83-875A-821E59F4A1D2}.Debug|Any CPU.Build.0 = Debug|Any CPU
		{61B7E957-609D-4E83-875A-821E59F4A1D2}.Release|Any CPU.ActiveCfg = Release|Any CPU
		{61B7E957-609D-4E83-875A-821E59F4A1D2}.Release|Any CPU.Build.0 = Release|Any CPU
		{F9E64677-0EE7-4DE5-9917-815234D49196}.Debug|Any CPU.ActiveCfg = Debug|Any CPU
		{F9E64677-0EE7-4DE5-9917-815234D49196}.Debug|Any CPU.Build.0 = Debug|Any CPU
		{F9E64677-0EE7-4DE5-9917-815234D49196}.Release|Any CPU.ActiveCfg = Release|Any CPU
		{F9E64677-0EE7-4DE5-9917-815234D49196}.Release|Any CPU.Build.0 = Release|Any CPU
		{0753AAB9-7C6D-4338-92C4-4414F6C5C1D5}.Debug|Any CPU.ActiveCfg = Debug|Any CPU
		{0753AAB9-7C6D-4338-92C4-4414F6C5C1D5}.Debug|Any CPU.Build.0 = Debug|Any CPU
		{0753AAB9-7C6D-4338-92C4-4414F6C5C1D5}.Release|Any CPU.ActiveCfg = Release|Any CPU
		{0753AAB9-7C6D-4338-92C4-4414F6C5C1D5}.Release|Any CPU.Build.0 = Release|Any CPU
		{CAB7A7F8-B4E3-4509-992A-AC5D32BE5BBA}.Debug|Any CPU.ActiveCfg = Debug|Any CPU
		{CAB7A7F8-B4E3-4509-992A-AC5D32BE5BBA}.Debug|Any CPU.Build.0 = Debug|Any CPU
		{CAB7A7F8-B4E3-4509-992A-AC5D32BE5BBA}.Release|Any CPU.ActiveCfg = Release|Any CPU
		{CAB7A7F8-B4E3-4509-992A-AC5D32BE5BBA}.Release|Any CPU.Build.0 = Release|Any CPU
	EndGlobalSection
	GlobalSection(SolutionProperties) = preSolution
		HideSolutionNode = FALSE
	EndGlobalSection
	GlobalSection(NestedProjects) = preSolution
		{79D74212-7B8B-45AA-BC52-05F4BEA0791E} = {D9A872DD-50B1-461F-AB25-4FE795DF81EE}
		{9A120251-51BA-4E28-824A-D7102366F59A} = {D9A872DD-50B1-461F-AB25-4FE795DF81EE}
		{036CA9F6-38DD-44BD-87A6-2096F9BBDE4C} = {E3B6EB64-B3B6-4E6B-8078-50CB91AEA08E}
		{A5E94FB3-8555-45E9-81B5-ABCD5DFF6BB6} = {E3B6EB64-B3B6-4E6B-8078-50CB91AEA08E}
		{D7C06208-5A93-4B30-A6F9-0187266DEA55} = {E3B6EB64-B3B6-4E6B-8078-50CB91AEA08E}
		{1027CC5D-0263-45B0-AE66-9C73E693179F} = {9FA4C4A6-1F24-4487-A4C0-DC02E93E4270}
		{61B7E957-609D-4E83-875A-821E59F4A1D2} = {9FA4C4A6-1F24-4487-A4C0-DC02E93E4270}
		{F9E64677-0EE7-4DE5-9917-815234D49196} = {E90F8656-68C3-46C8-850B-B6886D1A77A7}
		{0753AAB9-7C6D-4338-92C4-4414F6C5C1D5} = {E90F8656-68C3-46C8-850B-B6886D1A77A7}
		{CAB7A7F8-B4E3-4509-992A-AC5D32BE5BBA} = {E90F8656-68C3-46C8-850B-B6886D1A77A7}
	EndGlobalSection
	GlobalSection(ExtensibilityGlobals) = postSolution
		SolutionGuid = {60D8976D-DDC7-4E87-A6D9-9F808C2623B2}
	EndGlobalSection
EndGlobal
