
Microsoft Visual Studio Solution File, Format Version 12.00
# Visual Studio 15
VisualStudioVersion = 15.0.28010.2041
MinimumVisualStudioVersion = 10.0.40219.1
Project("{2150E333-8FDC-42A3-9474-1A3956D46DE8}") = "Week03", "Week03", "{D9A872DD-50B1-461F-AB25-4FE795DF81EE}"
EndProject
Project("{FAE04EC0-301F-11D3-BF4B-00C04F79EFBC}") = "Week03.P12", "Week03.P12\Week03.P12.csproj", "{79D74212-7B8B-45AA-BC52-05F4BEA0791E}"
EndProject
Project("{FAE04EC0-301F-11D3-BF4B-00C04F79EFBC}") = "Week03.P14", "Week03.P14\Week03.P14.csproj", "{9A120251-51BA-4E28-824A-D7102366F59A}"
EndProject
Global
	GlobalSection(SolutionConfigurationPlatforms) = preSolution
		Debug|Any CPU = Debug|Any CPU
		Release|Any CPU = Release|Any CPU
	EndGlobalSection
	GlobalSection(ProjectConfigurationPlatforms) = postSolution
		{79D74212-7B8B-45AA-BC52-05F4BEA0791E}.Debug|Any CPU.ActiveCfg = Debug|Any CPU
		{79D74212-7B8B-45AA-BC52-05F4BEA0791E}.Debug|Any CPU.Build.0 = Debug|Any CPU
		{79D74212-7B8B-45AA-BC52-05F4BEA0791E}.Release|Any CPU.ActiveCfg = Release|Any CPU
		{79D74212-7B8B-45AA-BC52-05F4BEA0791E}.Release|Any CPU.Build.0 = Release|Any CPU
		{9A120251-51BA-4E28-824A-D7102366F59A}.Debug|Any CPU.ActiveCfg = Debug|Any CPU
		{9A120251-51BA-4E28-824A-D7102366F59A}.Debug|Any CPU.Build.0 = Debug|Any CPU
		{9A120251-51BA-4E28-824A-D7102366F59A}.Release|Any CPU.ActiveCfg = Release|Any CPU
		{9A120251-51BA-4E28-824A-D7102366F59A}.Release|Any CPU.Build.0 = Release|Any CPU
	EndGlobalSection
	GlobalSection(SolutionProperties) = preSolution
		HideSolutionNode = FALSE
	EndGlobalSection
	GlobalSection(NestedProjects) = preSolution
		{79D74212-7B8B-45AA-BC52-05F4BEA0791E} = {D9A872DD-50B1-461F-AB25-4FE795DF81EE}
		{9A120251-51BA-4E28-824A-D7102366F59A} = {D9A872DD-50B1-461F-AB25-4FE795DF81EE}
	EndGlobalSection
	GlobalSection(ExtensibilityGlobals) = postSolution
		SolutionGuid = {60D8976D-DDC7-4E87-A6D9-9F808C2623B2}
	EndGlobalSection
EndGlobal
